
Microsoft Visual Studio Solution File, Format Version 12.00
# Visual Studio 14
VisualStudioVersion = 14.0.24720.0
MinimumVisualStudioVersion = 10.0.40219.1
Project("{2150E333-8FDC-42A3-9474-1A3956D46DE8}") = "src", "src", "{DF9122E0-B4A4-46B2-B845-E17F801950C1}"
EndProject
Project("{2150E333-8FDC-42A3-9474-1A3956D46DE8}") = "test", "test", "{3B50EC9F-2B64-44CD-8A27-F67A6B0B8124}"
EndProject
Project("{2150E333-8FDC-42A3-9474-1A3956D46DE8}") = "doc", "doc", "{B4B11B4F-E003-4572-8D61-5FEECEEFAAC0}"
	ProjectSection(SolutionItems) = preProject
		doc\License_MIT_ENG.txt = doc\License_MIT_ENG.txt
		doc\License_MIT_RUS.txt = doc\License_MIT_RUS.txt
	EndProjectSection
EndProject
Project("{FAE04EC0-301F-11D3-BF4B-00C04F79EFBC}") = "LFE", "src\LFE\LFE.csproj", "{B42F5236-447A-4D6D-AB3A-705C4B55EA15}"
EndProject
Project("{FAE04EC0-301F-11D3-BF4B-00C04F79EFBC}") = "LFE.Tests", "test\LFE.Tests\LFE.Tests.csproj", "{19FDE9B1-9E25-4EDB-B9D6-0C4D8771D25F}"
EndProject
Project("{9A19103F-16F7-4668-BE54-9A1E7A4F7556}") = "_build", "build\_build.csproj", "{C34D072D-C8CC-4E05-A7E0-C486690C5B72}"
EndProject
Project("{2150E333-8FDC-42A3-9474-1A3956D46DE8}") = "build", "build", "{750B8BCA-5165-463B-BF2F-A7EA0BB2D4CC}"
EndProject
Global
	GlobalSection(SolutionConfigurationPlatforms) = preSolution
		Debug|Any CPU = Debug|Any CPU
		Release|Any CPU = Release|Any CPU
	EndGlobalSection
	GlobalSection(ProjectConfigurationPlatforms) = postSolution
		{C34D072D-C8CC-4E05-A7E0-C486690C5B72}.Debug|Any CPU.ActiveCfg = Debug|Any CPU
		{C34D072D-C8CC-4E05-A7E0-C486690C5B72}.Release|Any CPU.ActiveCfg = Release|Any CPU
		{B42F5236-447A-4D6D-AB3A-705C4B55EA15}.Debug|Any CPU.ActiveCfg = Debug|Any CPU
		{B42F5236-447A-4D6D-AB3A-705C4B55EA15}.Debug|Any CPU.Build.0 = Debug|Any CPU
		{B42F5236-447A-4D6D-AB3A-705C4B55EA15}.Release|Any CPU.ActiveCfg = Release|Any CPU
		{B42F5236-447A-4D6D-AB3A-705C4B55EA15}.Release|Any CPU.Build.0 = Release|Any CPU
		{19FDE9B1-9E25-4EDB-B9D6-0C4D8771D25F}.Debug|Any CPU.ActiveCfg = Debug|Any CPU
		{19FDE9B1-9E25-4EDB-B9D6-0C4D8771D25F}.Debug|Any CPU.Build.0 = Debug|Any CPU
		{19FDE9B1-9E25-4EDB-B9D6-0C4D8771D25F}.Release|Any CPU.ActiveCfg = Release|Any CPU
		{19FDE9B1-9E25-4EDB-B9D6-0C4D8771D25F}.Release|Any CPU.Build.0 = Release|Any CPU
	EndGlobalSection
	GlobalSection(SolutionProperties) = preSolution
		HideSolutionNode = FALSE
	EndGlobalSection
	GlobalSection(NestedProjects) = preSolution
		{B42F5236-447A-4D6D-AB3A-705C4B55EA15} = {DF9122E0-B4A4-46B2-B845-E17F801950C1}
		{19FDE9B1-9E25-4EDB-B9D6-0C4D8771D25F} = {3B50EC9F-2B64-44CD-8A27-F67A6B0B8124}
		{C34D072D-C8CC-4E05-A7E0-C486690C5B72} = {750B8BCA-5165-463B-BF2F-A7EA0BB2D4CC}
	EndGlobalSection
EndGlobal
